// !$*UTF8*$!
{
	archiveVersion = 1;
	classes = {
	};
	objectVersion = 46;
	objects = {

/* Begin PBXBuildFile section */
		53CB66C41A7BEE97007B7FEB /* test.cpp in Sources */ = {isa = PBXBuildFile; fileRef = 53CB66C31A7BEE97007B7FEB /* test.cpp */; };
		53EBCD251A7B58CF002F67C1 /* chars_identify.cpp in Sources */ = {isa = PBXBuildFile; fileRef = 53EBCD041A7B58CF002F67C1 /* chars_identify.cpp */; };
		53EBCD261A7B58CF002F67C1 /* chars_recognise.cpp in Sources */ = {isa = PBXBuildFile; fileRef = 53EBCD051A7B58CF002F67C1 /* chars_recognise.cpp */; };
		53EBCD271A7B58CF002F67C1 /* chars_segment.cpp in Sources */ = {isa = PBXBuildFile; fileRef = 53EBCD061A7B58CF002F67C1 /* chars_segment.cpp */; };
		53EBCD281A7B58CF002F67C1 /* features.cpp in Sources */ = {isa = PBXBuildFile; fileRef = 53EBCD071A7B58CF002F67C1 /* features.cpp */; };
		53EBCD291A7B58CF002F67C1 /* plate_detect.cpp in Sources */ = {isa = PBXBuildFile; fileRef = 53EBCD081A7B58CF002F67C1 /* plate_detect.cpp */; };
		53EBCD2A1A7B58CF002F67C1 /* plate_judge.cpp in Sources */ = {isa = PBXBuildFile; fileRef = 53EBCD091A7B58CF002F67C1 /* plate_judge.cpp */; };
		53EBCD2B1A7B58CF002F67C1 /* plate_locate.cpp in Sources */ = {isa = PBXBuildFile; fileRef = 53EBCD0A1A7B58CF002F67C1 /* plate_locate.cpp */; };
		53EBCD2C1A7B58CF002F67C1 /* plate_recognize.cpp in Sources */ = {isa = PBXBuildFile; fileRef = 53EBCD0B1A7B58CF002F67C1 /* plate_recognize.cpp */; };
		53EBCD2D1A7B58CF002F67C1 /* main.cpp in Sources */ = {isa = PBXBuildFile; fileRef = 53EBCD171A7B58CF002F67C1 /* main.cpp */; };
		53EBCD2E1A7B58CF002F67C1 /* accuracy_test.cpp in Sources */ = {isa = PBXBuildFile; fileRef = 53EBCD191A7B58CF002F67C1 /* accuracy_test.cpp */; };
		53EBCD301A7B58CF002F67C1 /* ann_train.cpp in Sources */ = {isa = PBXBuildFile; fileRef = 53EBCD1C1A7B58CF002F67C1 /* ann_train.cpp */; };
		53EBCD311A7B58CF002F67C1 /* svm_train.cpp in Sources */ = {isa = PBXBuildFile; fileRef = 53EBCD1D1A7B58CF002F67C1 /* svm_train.cpp */; };
		53EBCD321A7B58CF002F67C1 /* deface.cpp in Sources */ = {isa = PBXBuildFile; fileRef = 53EBCD1F1A7B58CF002F67C1 /* deface.cpp */; };
		53EBCD331A7B58CF002F67C1 /* general_test_prepare.cpp in Sources */ = {isa = PBXBuildFile; fileRef = 53EBCD201A7B58CF002F67C1 /* general_test_prepare.cpp */; };
		53EBCD341A7B58CF002F67C1 /* generate_gdts.cpp in Sources */ = {isa = PBXBuildFile; fileRef = 53EBCD211A7B58CF002F67C1 /* generate_gdts.cpp */; };
		53EBCD351A7B58CF002F67C1 /* learn_prepare.cpp in Sources */ = {isa = PBXBuildFile; fileRef = 53EBCD221A7B58CF002F67C1 /* learn_prepare.cpp */; };
		53EBCD361A7B58CF002F67C1 /* mc_data_prepare.cpp in Sources */ = {isa = PBXBuildFile; fileRef = 53EBCD231A7B58CF002F67C1 /* mc_data_prepare.cpp */; };
		53EBCD371A7B58CF002F67C1 /* util.cpp in Sources */ = {isa = PBXBuildFile; fileRef = 53EBCD241A7B58CF002F67C1 /* util.cpp */; };
		53EBCE001A7B593A002F67C1 /* libopencv_calib3d.2.4.8.dylib in Frameworks */ = {isa = PBXBuildFile; fileRef = 53EBCDEF1A7B593A002F67C1 /* libopencv_calib3d.2.4.8.dylib */; };
		53EBCE011A7B593A002F67C1 /* libopencv_contrib.2.4.8.dylib in Frameworks */ = {isa = PBXBuildFile; fileRef = 53EBCDF01A7B593A002F67C1 /* libopencv_contrib.2.4.8.dylib */; };
		53EBCE021A7B593A002F67C1 /* libopencv_core.2.4.8.dylib in Frameworks */ = {isa = PBXBuildFile; fileRef = 53EBCDF11A7B593A002F67C1 /* libopencv_core.2.4.8.dylib */; };
		53EBCE031A7B593A002F67C1 /* libopencv_features2d.2.4.8.dylib in Frameworks */ = {isa = PBXBuildFile; fileRef = 53EBCDF21A7B593A002F67C1 /* libopencv_features2d.2.4.8.dylib */; };
		53EBCE041A7B593A002F67C1 /* libopencv_flann.2.4.8.dylib in Frameworks */ = {isa = PBXBuildFile; fileRef = 53EBCDF31A7B593A002F67C1 /* libopencv_flann.2.4.8.dylib */; };
		53EBCE051A7B593A002F67C1 /* libopencv_gpu.2.4.8.dylib in Frameworks */ = {isa = PBXBuildFile; fileRef = 53EBCDF41A7B593A002F67C1 /* libopencv_gpu.2.4.8.dylib */; };
		53EBCE061A7B593A002F67C1 /* libopencv_highgui.2.4.8.dylib in Frameworks */ = {isa = PBXBuildFile; fileRef = 53EBCDF51A7B593A002F67C1 /* libopencv_highgui.2.4.8.dylib */; };
		53EBCE071A7B593A002F67C1 /* libopencv_imgproc.2.4.8.dylib in Frameworks */ = {isa = PBXBuildFile; fileRef = 53EBCDF61A7B593A002F67C1 /* libopencv_imgproc.2.4.8.dylib */; };
		53EBCE081A7B593A002F67C1 /* libopencv_legacy.2.4.8.dylib in Frameworks */ = {isa = PBXBuildFile; fileRef = 53EBCDF71A7B593A002F67C1 /* libopencv_legacy.2.4.8.dylib */; };
		53EBCE091A7B593A002F67C1 /* libopencv_ml.2.4.8.dylib in Frameworks */ = {isa = PBXBuildFile; fileRef = 53EBCDF81A7B593A002F67C1 /* libopencv_ml.2.4.8.dylib */; };
		53EBCE0A1A7B593A002F67C1 /* libopencv_nonfree.2.4.8.dylib in Frameworks */ = {isa = PBXBuildFile; fileRef = 53EBCDF91A7B593A002F67C1 /* libopencv_nonfree.2.4.8.dylib */; };
		53EBCE0B1A7B593A002F67C1 /* libopencv_objdetect.2.4.8.dylib in Frameworks */ = {isa = PBXBuildFile; fileRef = 53EBCDFA1A7B593A002F67C1 /* libopencv_objdetect.2.4.8.dylib */; };
		53EBCE0C1A7B593A002F67C1 /* libopencv_photo.2.4.8.dylib in Frameworks */ = {isa = PBXBuildFile; fileRef = 53EBCDFB1A7B593A002F67C1 /* libopencv_photo.2.4.8.dylib */; };
		53EBCE0D1A7B593A002F67C1 /* libopencv_stitching.2.4.8.dylib in Frameworks */ = {isa = PBXBuildFile; fileRef = 53EBCDFC1A7B593A002F67C1 /* libopencv_stitching.2.4.8.dylib */; };
		53EBCE0E1A7B593A002F67C1 /* libopencv_superres.2.4.8.dylib in Frameworks */ = {isa = PBXBuildFile; fileRef = 53EBCDFD1A7B593A002F67C1 /* libopencv_superres.2.4.8.dylib */; };
		53EBCE0F1A7B593A002F67C1 /* libopencv_video.2.4.8.dylib in Frameworks */ = {isa = PBXBuildFile; fileRef = 53EBCDFE1A7B593A002F67C1 /* libopencv_video.2.4.8.dylib */; };
		53EBCE101A7B593A002F67C1 /* libopencv_videostab.2.4.8.dylib in Frameworks */ = {isa = PBXBuildFile; fileRef = 53EBCDFF1A7B593A002F67C1 /* libopencv_videostab.2.4.8.dylib */; };
/* End PBXBuildFile section */

/* Begin PBXCopyFilesBuildPhase section */
		53E6E8CD1A7748F80044931C /* CopyFiles */ = {
			isa = PBXCopyFilesBuildPhase;
			buildActionMask = 2147483647;
			dstPath = /usr/share/man/man1/;
			dstSubfolderSpec = 0;
			files = (
			);
			runOnlyForDeploymentPostprocessing = 1;
		};
/* End PBXCopyFilesBuildPhase section */

/* Begin PBXFileReference section */
		53CB66C31A7BEE97007B7FEB /* test.cpp */ = {isa = PBXFileReference; fileEncoding = 4; lastKnownFileType = sourcecode.cpp.cpp; path = test.cpp; sourceTree = "<group>"; };
		53E6E8CF1A7748F80044931C /* EasyPR */ = {isa = PBXFileReference; explicitFileType = "compiled.mach-o.executable"; includeInIndex = 0; path = EasyPR; sourceTree = BUILT_PRODUCTS_DIR; };
		53EBCD041A7B58CF002F67C1 /* chars_identify.cpp */ = {isa = PBXFileReference; fileEncoding = 2147486000; lastKnownFileType = sourcecode.cpp.cpp; path = chars_identify.cpp; sourceTree = "<group>"; };
		53EBCD051A7B58CF002F67C1 /* chars_recognise.cpp */ = {isa = PBXFileReference; fileEncoding = 2147486000; lastKnownFileType = sourcecode.cpp.cpp; path = chars_recognise.cpp; sourceTree = "<group>"; };
		53EBCD061A7B58CF002F67C1 /* chars_segment.cpp */ = {isa = PBXFileReference; fileEncoding = 2147486000; lastKnownFileType = sourcecode.cpp.cpp; path = chars_segment.cpp; sourceTree = "<group>"; };
		53EBCD071A7B58CF002F67C1 /* features.cpp */ = {isa = PBXFileReference; fileEncoding = 2147486000; lastKnownFileType = sourcecode.cpp.cpp; path = features.cpp; sourceTree = "<group>"; };
		53EBCD081A7B58CF002F67C1 /* plate_detect.cpp */ = {isa = PBXFileReference; fileEncoding = 2147486000; lastKnownFileType = sourcecode.cpp.cpp; path = plate_detect.cpp; sourceTree = "<group>"; };
		53EBCD091A7B58CF002F67C1 /* plate_judge.cpp */ = {isa = PBXFileReference; fileEncoding = 2147486000; lastKnownFileType = sourcecode.cpp.cpp; path = plate_judge.cpp; sourceTree = "<group>"; };
		53EBCD0A1A7B58CF002F67C1 /* plate_locate.cpp */ = {isa = PBXFileReference; fileEncoding = 2147486000; lastKnownFileType = sourcecode.cpp.cpp; path = plate_locate.cpp; sourceTree = "<group>"; };
		53EBCD0B1A7B58CF002F67C1 /* plate_recognize.cpp */ = {isa = PBXFileReference; fileEncoding = 2147486000; lastKnownFileType = sourcecode.cpp.cpp; path = plate_recognize.cpp; sourceTree = "<group>"; };
		53EBCD0D1A7B58CF002F67C1 /* chars_identify.h */ = {isa = PBXFileReference; fileEncoding = 4; lastKnownFileType = sourcecode.c.h; path = chars_identify.h; sourceTree = "<group>"; };
		53EBCD0E1A7B58CF002F67C1 /* chars_recognise.h */ = {isa = PBXFileReference; fileEncoding = 2147486000; lastKnownFileType = sourcecode.c.h; path = chars_recognise.h; sourceTree = "<group>"; };
		53EBCD0F1A7B58CF002F67C1 /* chars_segment.h */ = {isa = PBXFileReference; fileEncoding = 2147486000; lastKnownFileType = sourcecode.c.h; path = chars_segment.h; sourceTree = "<group>"; };
		53EBCD101A7B58CF002F67C1 /* features.h */ = {isa = PBXFileReference; fileEncoding = 2147486000; lastKnownFileType = sourcecode.c.h; path = features.h; sourceTree = "<group>"; };
		53EBCD111A7B58CF002F67C1 /* plate_detect.h */ = {isa = PBXFileReference; fileEncoding = 2147486000; lastKnownFileType = sourcecode.c.h; path = plate_detect.h; sourceTree = "<group>"; };
		53EBCD121A7B58CF002F67C1 /* plate_judge.h */ = {isa = PBXFileReference; fileEncoding = 2147486000; lastKnownFileType = sourcecode.c.h; path = plate_judge.h; sourceTree = "<group>"; };
		53EBCD131A7B58CF002F67C1 /* plate_locate.h */ = {isa = PBXFileReference; fileEncoding = 2147486000; lastKnownFileType = sourcecode.c.h; path = plate_locate.h; sourceTree = "<group>"; };
		53EBCD141A7B58CF002F67C1 /* plate_recognize.h */ = {isa = PBXFileReference; fileEncoding = 2147486000; lastKnownFileType = sourcecode.c.h; path = plate_recognize.h; sourceTree = "<group>"; };
		53EBCD151A7B58CF002F67C1 /* prep.h */ = {isa = PBXFileReference; fileEncoding = 4; lastKnownFileType = sourcecode.c.h; path = prep.h; sourceTree = "<group>"; };
		53EBCD161A7B58CF002F67C1 /* util.h */ = {isa = PBXFileReference; fileEncoding = 2147486000; lastKnownFileType = sourcecode.c.h; path = util.h; sourceTree = "<group>"; };
		53EBCD171A7B58CF002F67C1 /* main.cpp */ = {isa = PBXFileReference; fileEncoding = 4; lastKnownFileType = sourcecode.cpp.cpp; path = main.cpp; sourceTree = "<group>"; };
		53EBCD191A7B58CF002F67C1 /* accuracy_test.cpp */ = {isa = PBXFileReference; fileEncoding = 2147486000; lastKnownFileType = sourcecode.cpp.cpp; path = accuracy_test.cpp; sourceTree = "<group>"; };
		53EBCD1C1A7B58CF002F67C1 /* ann_train.cpp */ = {isa = PBXFileReference; fileEncoding = 2147486000; lastKnownFileType = sourcecode.cpp.cpp; path = ann_train.cpp; sourceTree = "<group>"; };
		53EBCD1D1A7B58CF002F67C1 /* svm_train.cpp */ = {isa = PBXFileReference; fileEncoding = 2147486000; lastKnownFileType = sourcecode.cpp.cpp; path = svm_train.cpp; sourceTree = "<group>"; };
		53EBCD1F1A7B58CF002F67C1 /* deface.cpp */ = {isa = PBXFileReference; fileEncoding = 2147486000; lastKnownFileType = sourcecode.cpp.cpp; path = deface.cpp; sourceTree = "<group>"; };
		53EBCD201A7B58CF002F67C1 /* general_test_prepare.cpp */ = {isa = PBXFileReference; fileEncoding = 2147486000; lastKnownFileType = sourcecode.cpp.cpp; path = general_test_prepare.cpp; sourceTree = "<group>"; };
		53EBCD211A7B58CF002F67C1 /* generate_gdts.cpp */ = {isa = PBXFileReference; fileEncoding = 2147486000; lastKnownFileType = sourcecode.cpp.cpp; path = generate_gdts.cpp; sourceTree = "<group>"; };
		53EBCD221A7B58CF002F67C1 /* learn_prepare.cpp */ = {isa = PBXFileReference; fileEncoding = 2147486000; lastKnownFileType = sourcecode.cpp.cpp; path = learn_prepare.cpp; sourceTree = "<group>"; };
		53EBCD231A7B58CF002F67C1 /* mc_data_prepare.cpp */ = {isa = PBXFileReference; fileEncoding = 2147486000; lastKnownFileType = sourcecode.cpp.cpp; path = mc_data_prepare.cpp; sourceTree = "<group>"; };
		53EBCD241A7B58CF002F67C1 /* util.cpp */ = {isa = PBXFileReference; fileEncoding = 4; lastKnownFileType = sourcecode.cpp.cpp; path = util.cpp; sourceTree = "<group>"; };
		53EBCDEF1A7B593A002F67C1 /* libopencv_calib3d.2.4.8.dylib */ = {isa = PBXFileReference; lastKnownFileType = "compiled.mach-o.dylib"; path = libopencv_calib3d.2.4.8.dylib; sourceTree = "<group>"; };
		53EBCDF01A7B593A002F67C1 /* libopencv_contrib.2.4.8.dylib */ = {isa = PBXFileReference; lastKnownFileType = "compiled.mach-o.dylib"; path = libopencv_contrib.2.4.8.dylib; sourceTree = "<group>"; };
		53EBCDF11A7B593A002F67C1 /* libopencv_core.2.4.8.dylib */ = {isa = PBXFileReference; lastKnownFileType = "compiled.mach-o.dylib"; path = libopencv_core.2.4.8.dylib; sourceTree = "<group>"; };
		53EBCDF21A7B593A002F67C1 /* libopencv_features2d.2.4.8.dylib */ = {isa = PBXFileReference; lastKnownFileType = "compiled.mach-o.dylib"; path = libopencv_features2d.2.4.8.dylib; sourceTree = "<group>"; };
		53EBCDF31A7B593A002F67C1 /* libopencv_flann.2.4.8.dylib */ = {isa = PBXFileReference; lastKnownFileType = "compiled.mach-o.dylib"; path = libopencv_flann.2.4.8.dylib; sourceTree = "<group>"; };
		53EBCDF41A7B593A002F67C1 /* libopencv_gpu.2.4.8.dylib */ = {isa = PBXFileReference; lastKnownFileType = "compiled.mach-o.dylib"; path = libopencv_gpu.2.4.8.dylib; sourceTree = "<group>"; };
		53EBCDF51A7B593A002F67C1 /* libopencv_highgui.2.4.8.dylib */ = {isa = PBXFileReference; lastKnownFileType = "compiled.mach-o.dylib"; path = libopencv_highgui.2.4.8.dylib; sourceTree = "<group>"; };
		53EBCDF61A7B593A002F67C1 /* libopencv_imgproc.2.4.8.dylib */ = {isa = PBXFileReference; lastKnownFileType = "compiled.mach-o.dylib"; path = libopencv_imgproc.2.4.8.dylib; sourceTree = "<group>"; };
		53EBCDF71A7B593A002F67C1 /* libopencv_legacy.2.4.8.dylib */ = {isa = PBXFileReference; lastKnownFileType = "compiled.mach-o.dylib"; path = libopencv_legacy.2.4.8.dylib; sourceTree = "<group>"; };
		53EBCDF81A7B593A002F67C1 /* libopencv_ml.2.4.8.dylib */ = {isa = PBXFileReference; lastKnownFileType = "compiled.mach-o.dylib"; path = libopencv_ml.2.4.8.dylib; sourceTree = "<group>"; };
		53EBCDF91A7B593A002F67C1 /* libopencv_nonfree.2.4.8.dylib */ = {isa = PBXFileReference; lastKnownFileType = "compiled.mach-o.dylib"; path = libopencv_nonfree.2.4.8.dylib; sourceTree = "<group>"; };
		53EBCDFA1A7B593A002F67C1 /* libopencv_objdetect.2.4.8.dylib */ = {isa = PBXFileReference; lastKnownFileType = "compiled.mach-o.dylib"; path = libopencv_objdetect.2.4.8.dylib; sourceTree = "<group>"; };
		53EBCDFB1A7B593A002F67C1 /* libopencv_photo.2.4.8.dylib */ = {isa = PBXFileReference; lastKnownFileType = "compiled.mach-o.dylib"; path = libopencv_photo.2.4.8.dylib; sourceTree = "<group>"; };
		53EBCDFC1A7B593A002F67C1 /* libopencv_stitching.2.4.8.dylib */ = {isa = PBXFileReference; lastKnownFileType = "compiled.mach-o.dylib"; path = libopencv_stitching.2.4.8.dylib; sourceTree = "<group>"; };
		53EBCDFD1A7B593A002F67C1 /* libopencv_superres.2.4.8.dylib */ = {isa = PBXFileReference; lastKnownFileType = "compiled.mach-o.dylib"; path = libopencv_superres.2.4.8.dylib; sourceTree = "<group>"; };
		53EBCDFE1A7B593A002F67C1 /* libopencv_video.2.4.8.dylib */ = {isa = PBXFileReference; lastKnownFileType = "compiled.mach-o.dylib"; path = libopencv_video.2.4.8.dylib; sourceTree = "<group>"; };
		53EBCDFF1A7B593A002F67C1 /* libopencv_videostab.2.4.8.dylib */ = {isa = PBXFileReference; lastKnownFileType = "compiled.mach-o.dylib"; path = libopencv_videostab.2.4.8.dylib; sourceTree = "<group>"; };
/* End PBXFileReference section */

/* Begin PBXFrameworksBuildPhase section */
		53E6E8CC1A7748F80044931C /* Frameworks */ = {
			isa = PBXFrameworksBuildPhase;
			buildActionMask = 2147483647;
			files = (
				53EBCE081A7B593A002F67C1 /* libopencv_legacy.2.4.8.dylib in Frameworks */,
				53EBCE061A7B593A002F67C1 /* libopencv_highgui.2.4.8.dylib in Frameworks */,
				53EBCE0E1A7B593A002F67C1 /* libopencv_superres.2.4.8.dylib in Frameworks */,
				53EBCE071A7B593A002F67C1 /* libopencv_imgproc.2.4.8.dylib in Frameworks */,
				53EBCE0A1A7B593A002F67C1 /* libopencv_nonfree.2.4.8.dylib in Frameworks */,
				53EBCE101A7B593A002F67C1 /* libopencv_videostab.2.4.8.dylib in Frameworks */,
				53EBCE051A7B593A002F67C1 /* libopencv_gpu.2.4.8.dylib in Frameworks */,
				53EBCE031A7B593A002F67C1 /* libopencv_features2d.2.4.8.dylib in Frameworks */,
				53EBCE0C1A7B593A002F67C1 /* libopencv_photo.2.4.8.dylib in Frameworks */,
				53EBCE001A7B593A002F67C1 /* libopencv_calib3d.2.4.8.dylib in Frameworks */,
				53EBCE091A7B593A002F67C1 /* libopencv_ml.2.4.8.dylib in Frameworks */,
				53EBCE011A7B593A002F67C1 /* libopencv_contrib.2.4.8.dylib in Frameworks */,
				53EBCE021A7B593A002F67C1 /* libopencv_core.2.4.8.dylib in Frameworks */,
				53EBCE0B1A7B593A002F67C1 /* libopencv_objdetect.2.4.8.dylib in Frameworks */,
				53EBCE0F1A7B593A002F67C1 /* libopencv_video.2.4.8.dylib in Frameworks */,
				53EBCE041A7B593A002F67C1 /* libopencv_flann.2.4.8.dylib in Frameworks */,
				53EBCE0D1A7B593A002F67C1 /* libopencv_stitching.2.4.8.dylib in Frameworks */,
			);
			runOnlyForDeploymentPostprocessing = 0;
		};
/* End PBXFrameworksBuildPhase section */

/* Begin PBXGroup section */
		53E6E8C61A7748F80044931C = {
			isa = PBXGroup;
			children = (
				53EBCDEE1A7B593A002F67C1 /* lib */,
				53E6E8D11A7748F80044931C /* EasyPR */,
				53E6E8D01A7748F80044931C /* Products */,
			);
			sourceTree = "<group>";
		};
		53E6E8D01A7748F80044931C /* Products */ = {
			isa = PBXGroup;
			children = (
				53E6E8CF1A7748F80044931C /* EasyPR */,
			);
			name = Products;
			sourceTree = "<group>";
		};
		53E6E8D11A7748F80044931C /* EasyPR */ = {
			isa = PBXGroup;
			children = (
				53EBCD021A7B58CF002F67C1 /* src */,
			);
			path = EasyPR;
			sourceTree = "<group>";
		};
		53EBCD021A7B58CF002F67C1 /* src */ = {
			isa = PBXGroup;
			children = (
				53EBCD031A7B58CF002F67C1 /* core */,
				53EBCD0C1A7B58CF002F67C1 /* include */,
				53EBCD171A7B58CF002F67C1 /* main.cpp */,
				53EBCD181A7B58CF002F67C1 /* test */,
				53EBCD1B1A7B58CF002F67C1 /* train */,
				53EBCD1E1A7B58CF002F67C1 /* util */,
			);
			path = src;
			sourceTree = SOURCE_ROOT;
		};
		53EBCD031A7B58CF002F67C1 /* core */ = {
			isa = PBXGroup;
			children = (
				53EBCD041A7B58CF002F67C1 /* chars_identify.cpp */,
				53EBCD051A7B58CF002F67C1 /* chars_recognise.cpp */,
				53EBCD061A7B58CF002F67C1 /* chars_segment.cpp */,
				53EBCD071A7B58CF002F67C1 /* features.cpp */,
				53EBCD081A7B58CF002F67C1 /* plate_detect.cpp */,
				53EBCD091A7B58CF002F67C1 /* plate_judge.cpp */,
				53EBCD0A1A7B58CF002F67C1 /* plate_locate.cpp */,
				53EBCD0B1A7B58CF002F67C1 /* plate_recognize.cpp */,
			);
			path = core;
			sourceTree = "<group>";
		};
		53EBCD0C1A7B58CF002F67C1 /* include */ = {
			isa = PBXGroup;
			children = (
				53EBCD0D1A7B58CF002F67C1 /* chars_identify.h */,
				53EBCD0E1A7B58CF002F67C1 /* chars_recognise.h */,
				53EBCD0F1A7B58CF002F67C1 /* chars_segment.h */,
				53EBCD101A7B58CF002F67C1 /* features.h */,
				53EBCD111A7B58CF002F67C1 /* plate_detect.h */,
				53EBCD121A7B58CF002F67C1 /* plate_judge.h */,
				53EBCD131A7B58CF002F67C1 /* plate_locate.h */,
				53EBCD141A7B58CF002F67C1 /* plate_recognize.h */,
				53EBCD151A7B58CF002F67C1 /* prep.h */,
				53EBCD161A7B58CF002F67C1 /* util.h */,
			);
			path = include;
			sourceTree = "<group>";
		};
		53EBCD181A7B58CF002F67C1 /* test */ = {
			isa = PBXGroup;
			children = (
				53CB66C31A7BEE97007B7FEB /* test.cpp */,
				53EBCD191A7B58CF002F67C1 /* accuracy_test.cpp */,
			);
			path = test;
			sourceTree = "<group>";
		};
		53EBCD1B1A7B58CF002F67C1 /* train */ = {
			isa = PBXGroup;
			children = (
				53EBCD1C1A7B58CF002F67C1 /* ann_train.cpp */,
				53EBCD1D1A7B58CF002F67C1 /* svm_train.cpp */,
			);
			path = train;
			sourceTree = "<group>";
		};
		53EBCD1E1A7B58CF002F67C1 /* util */ = {
			isa = PBXGroup;
			children = (
				53EBCD1F1A7B58CF002F67C1 /* deface.cpp */,
				53EBCD201A7B58CF002F67C1 /* general_test_prepare.cpp */,
				53EBCD211A7B58CF002F67C1 /* generate_gdts.cpp */,
				53EBCD221A7B58CF002F67C1 /* learn_prepare.cpp */,
				53EBCD231A7B58CF002F67C1 /* mc_data_prepare.cpp */,
				53EBCD241A7B58CF002F67C1 /* util.cpp */,
			);
			path = util;
			sourceTree = "<group>";
		};
		53EBCDEE1A7B593A002F67C1 /* lib */ = {
			isa = PBXGroup;
			children = (
				53EBCDEF1A7B593A002F67C1 /* libopencv_calib3d.2.4.8.dylib */,
				53EBCDF01A7B593A002F67C1 /* libopencv_contrib.2.4.8.dylib */,
				53EBCDF11A7B593A002F67C1 /* libopencv_core.2.4.8.dylib */,
				53EBCDF21A7B593A002F67C1 /* libopencv_features2d.2.4.8.dylib */,
				53EBCDF31A7B593A002F67C1 /* libopencv_flann.2.4.8.dylib */,
				53EBCDF41A7B593A002F67C1 /* libopencv_gpu.2.4.8.dylib */,
				53EBCDF51A7B593A002F67C1 /* libopencv_highgui.2.4.8.dylib */,
				53EBCDF61A7B593A002F67C1 /* libopencv_imgproc.2.4.8.dylib */,
				53EBCDF71A7B593A002F67C1 /* libopencv_legacy.2.4.8.dylib */,
				53EBCDF81A7B593A002F67C1 /* libopencv_ml.2.4.8.dylib */,
				53EBCDF91A7B593A002F67C1 /* libopencv_nonfree.2.4.8.dylib */,
				53EBCDFA1A7B593A002F67C1 /* libopencv_objdetect.2.4.8.dylib */,
				53EBCDFB1A7B593A002F67C1 /* libopencv_photo.2.4.8.dylib */,
				53EBCDFC1A7B593A002F67C1 /* libopencv_stitching.2.4.8.dylib */,
				53EBCDFD1A7B593A002F67C1 /* libopencv_superres.2.4.8.dylib */,
				53EBCDFE1A7B593A002F67C1 /* libopencv_video.2.4.8.dylib */,
				53EBCDFF1A7B593A002F67C1 /* libopencv_videostab.2.4.8.dylib */,
			);
			name = lib;
			path = opencv/lib;
			sourceTree = "<group>";
		};
/* End PBXGroup section */

/* Begin PBXNativeTarget section */
		53E6E8CE1A7748F80044931C /* EasyPR */ = {
			isa = PBXNativeTarget;
			buildConfigurationList = 53E6E8D61A7748F80044931C /* Build configuration list for PBXNativeTarget "EasyPR" */;
			buildPhases = (
				53E6E8CB1A7748F80044931C /* Sources */,
				53E6E8CC1A7748F80044931C /* Frameworks */,
				53E6E8CD1A7748F80044931C /* CopyFiles */,
			);
			buildRules = (
			);
			dependencies = (
			);
			name = EasyPR;
			productName = EasyPR;
			productReference = 53E6E8CF1A7748F80044931C /* EasyPR */;
			productType = "com.apple.product-type.tool";
		};
/* End PBXNativeTarget section */

/* Begin PBXProject section */
		53E6E8C71A7748F80044931C /* Project object */ = {
			isa = PBXProject;
			attributes = {
				LastUpgradeCheck = 0620;
				ORGANIZATIONNAME = zhoushiwei;
				TargetAttributes = {
					53E6E8CE1A7748F80044931C = {
						CreatedOnToolsVersion = 6.2;
					};
				};
			};
			buildConfigurationList = 53E6E8CA1A7748F80044931C /* Build configuration list for PBXProject "EasyPR" */;
			compatibilityVersion = "Xcode 3.2";
			developmentRegion = English;
			hasScannedForEncodings = 0;
			knownRegions = (
				en,
			);
			mainGroup = 53E6E8C61A7748F80044931C;
			productRefGroup = 53E6E8D01A7748F80044931C /* Products */;
			projectDirPath = "";
			projectRoot = "";
			targets = (
				53E6E8CE1A7748F80044931C /* EasyPR */,
			);
		};
/* End PBXProject section */

/* Begin PBXSourcesBuildPhase section */
		53E6E8CB1A7748F80044931C /* Sources */ = {
			isa = PBXSourcesBuildPhase;
			buildActionMask = 2147483647;
			files = (
				53EBCD291A7B58CF002F67C1 /* plate_detect.cpp in Sources */,
				53EBCD321A7B58CF002F67C1 /* deface.cpp in Sources */,
				53EBCD281A7B58CF002F67C1 /* features.cpp in Sources */,
				53EBCD2D1A7B58CF002F67C1 /* main.cpp in Sources */,
				53EBCD351A7B58CF002F67C1 /* learn_prepare.cpp in Sources */,
				53EBCD361A7B58CF002F67C1 /* mc_data_prepare.cpp in Sources */,
				53EBCD2A1A7B58CF002F67C1 /* plate_judge.cpp in Sources */,
				53EBCD2E1A7B58CF002F67C1 /* accuracy_test.cpp in Sources */,
				53EBCD2B1A7B58CF002F67C1 /* plate_locate.cpp in Sources */,
				53EBCD271A7B58CF002F67C1 /* chars_segment.cpp in Sources */,
				53EBCD301A7B58CF002F67C1 /* ann_train.cpp in Sources */,
				53EBCD331A7B58CF002F67C1 /* general_test_prepare.cpp in Sources */,
				53EBCD371A7B58CF002F67C1 /* util.cpp in Sources */,
				53CB66C41A7BEE97007B7FEB /* test.cpp in Sources */,
				53EBCD251A7B58CF002F67C1 /* chars_identify.cpp in Sources */,
				53EBCD311A7B58CF002F67C1 /* svm_train.cpp in Sources */,
				53EBCD261A7B58CF002F67C1 /* chars_recognise.cpp in Sources */,
				53EBCD341A7B58CF002F67C1 /* generate_gdts.cpp in Sources */,
				53EBCD2C1A7B58CF002F67C1 /* plate_recognize.cpp in Sources */,
			);
			runOnlyForDeploymentPostprocessing = 0;
		};
/* End PBXSourcesBuildPhase section */

/* Begin XCBuildConfiguration section */
		53E6E8D41A7748F80044931C /* Debug */ = {
			isa = XCBuildConfiguration;
			buildSettings = {
				ALWAYS_SEARCH_USER_PATHS = NO;
				CLANG_CXX_LANGUAGE_STANDARD = "gnu++0x";
				CLANG_CXX_LIBRARY = "libc++";
				CLANG_ENABLE_MODULES = YES;
				CLANG_ENABLE_OBJC_ARC = YES;
				CLANG_WARN_BOOL_CONVERSION = YES;
				CLANG_WARN_CONSTANT_CONVERSION = YES;
				CLANG_WARN_DIRECT_OBJC_ISA_USAGE = YES_ERROR;
				CLANG_WARN_EMPTY_BODY = YES;
				CLANG_WARN_ENUM_CONVERSION = YES;
				CLANG_WARN_INT_CONVERSION = YES;
				CLANG_WARN_OBJC_ROOT_CLASS = YES_ERROR;
				CLANG_WARN_UNREACHABLE_CODE = YES;
				CLANG_WARN__DUPLICATE_METHOD_MATCH = YES;
				COPY_PHASE_STRIP = NO;
				ENABLE_STRICT_OBJC_MSGSEND = YES;
				GCC_C_LANGUAGE_STANDARD = gnu99;
				GCC_DYNAMIC_NO_PIC = NO;
				GCC_OPTIMIZATION_LEVEL = 0;
				GCC_PREPROCESSOR_DEFINITIONS = (
					"DEBUG=1",
					"$(inherited)",
				);
				GCC_SYMBOLS_PRIVATE_EXTERN = NO;
				GCC_WARN_64_TO_32_BIT_CONVERSION = YES;
				GCC_WARN_ABOUT_RETURN_TYPE = YES_ERROR;
				GCC_WARN_UNDECLARED_SELECTOR = YES;
				GCC_WARN_UNINITIALIZED_AUTOS = YES_AGGRESSIVE;
				GCC_WARN_UNUSED_FUNCTION = YES;
				GCC_WARN_UNUSED_VARIABLE = YES;
				MACOSX_DEPLOYMENT_TARGET = 10.10;
				MTL_ENABLE_DEBUG_INFO = YES;
				ONLY_ACTIVE_ARCH = YES;
				SDKROOT = macosx;
			};
			name = Debug;
		};
		53E6E8D51A7748F80044931C /* Release */ = {
			isa = XCBuildConfiguration;
			buildSettings = {
				ALWAYS_SEARCH_USER_PATHS = NO;
				CLANG_CXX_LANGUAGE_STANDARD = "gnu++0x";
				CLANG_CXX_LIBRARY = "libc++";
				CLANG_ENABLE_MODULES = YES;
				CLANG_ENABLE_OBJC_ARC = YES;
				CLANG_WARN_BOOL_CONVERSION = YES;
				CLANG_WARN_CONSTANT_CONVERSION = YES;
				CLANG_WARN_DIRECT_OBJC_ISA_USAGE = YES_ERROR;
				CLANG_WARN_EMPTY_BODY = YES;
				CLANG_WARN_ENUM_CONVERSION = YES;
				CLANG_WARN_INT_CONVERSION = YES;
				CLANG_WARN_OBJC_ROOT_CLASS = YES_ERROR;
				CLANG_WARN_UNREACHABLE_CODE = YES;
				CLANG_WARN__DUPLICATE_METHOD_MATCH = YES;
				COPY_PHASE_STRIP = YES;
				DEBUG_INFORMATION_FORMAT = "dwarf-with-dsym";
				ENABLE_NS_ASSERTIONS = NO;
				ENABLE_STRICT_OBJC_MSGSEND = YES;
				GCC_C_LANGUAGE_STANDARD = gnu99;
				GCC_WARN_64_TO_32_BIT_CONVERSION = YES;
				GCC_WARN_ABOUT_RETURN_TYPE = YES_ERROR;
				GCC_WARN_UNDECLARED_SELECTOR = YES;
				GCC_WARN_UNINITIALIZED_AUTOS = YES_AGGRESSIVE;
				GCC_WARN_UNUSED_FUNCTION = YES;
				GCC_WARN_UNUSED_VARIABLE = YES;
				MACOSX_DEPLOYMENT_TARGET = 10.10;
				MTL_ENABLE_DEBUG_INFO = NO;
				SDKROOT = macosx;
			};
			name = Release;
		};
		53E6E8D71A7748F80044931C /* Debug */ = {
			isa = XCBuildConfiguration;
			buildSettings = {
				HEADER_SEARCH_PATHS = "\"$(SRCROOT)/opencv/include\"";
				LIBRARY_SEARCH_PATHS = "$(PROJECT_DIR)/opencv/lib";
				PRODUCT_NAME = "$(TARGET_NAME)";
			};
			name = Debug;
		};
		53E6E8D81A7748F80044931C /* Release */ = {
			isa = XCBuildConfiguration;
			buildSettings = {
				HEADER_SEARCH_PATHS = "\"$(SRCROOT)/opencv/include\"";
				LIBRARY_SEARCH_PATHS = "$(PROJECT_DIR)/opencv/lib";
				PRODUCT_NAME = "$(TARGET_NAME)";
			};
			name = Release;
		};
/* End XCBuildConfiguration section */

/* Begin XCConfigurationList section */
		53E6E8CA1A7748F80044931C /* Build configuration list for PBXProject "EasyPR" */ = {
			isa = XCConfigurationList;
			buildConfigurations = (
				53E6E8D41A7748F80044931C /* Debug */,
				53E6E8D51A7748F80044931C /* Release */,
			);
			defaultConfigurationIsVisible = 0;
			defaultConfigurationName = Release;
		};
		53E6E8D61A7748F80044931C /* Build configuration list for PBXNativeTarget "EasyPR" */ = {
			isa = XCConfigurationList;
			buildConfigurations = (
				53E6E8D71A7748F80044931C /* Debug */,
				53E6E8D81A7748F80044931C /* Release */,
			);
			defaultConfigurationIsVisible = 0;
			defaultConfigurationName = Release;
		};
/* End XCConfigurationList section */
	};
	rootObject = 53E6E8C71A7748F80044931C /* Project object */;
}
